
Microsoft Visual Studio Solution File, Format Version 12.00
# Visual Studio Version 16
VisualStudioVersion = 16.0.30804.86
MinimumVisualStudioVersion = 10.0.40219.1
Project("{FAE04EC0-301F-11D3-BF4B-00C04F79EFBC}") = "Poker", "Poker\Poker.csproj", "{23AD15DB-2E85-4F23-B382-71656A0CDE50}"
EndProject
Global
	GlobalSection(SolutionConfigurationPlatforms) = preSolution
		Debug|Any CPU = Debug|Any CPU
		Release|Any CPU = Release|Any CPU
	EndGlobalSection
	GlobalSection(ProjectConfigurationPlatforms) = postSolution
		{23AD15DB-2E85-4F23-B382-71656A0CDE50}.Debug|Any CPU.ActiveCfg = Debug|Any CPU
		{23AD15DB-2E85-4F23-B382-71656A0CDE50}.Debug|Any CPU.Build.0 = Debug|Any CPU
		{23AD15DB-2E85-4F23-B382-71656A0CDE50}.Release|Any CPU.ActiveCfg = Release|Any CPU
		{23AD15DB-2E85-4F23-B382-71656A0CDE50}.Release|Any CPU.Build.0 = Release|Any CPU
	EndGlobalSection
	GlobalSection(SolutionProperties) = preSolution
		HideSolutionNode = FALSE
	EndGlobalSection
	GlobalSection(ExtensibilityGlobals) = postSolution
		SolutionGuid = {50A46D4C-CE09-4198-8861-AC2D6A0F6CCB}
	EndGlobalSection
EndGlobal
